
Microsoft Visual Studio Solution File, Format Version 12.00
# Visual Studio Version 17
VisualStudioVersion = 17.1.32407.343
MinimumVisualStudioVersion = 10.0.40219.1
Project("{9A19103F-16F7-4668-BE54-9A1E7A4F7556}") = "CCSA_Web", "CCSA_Web\CCSA_Web.csproj", "{A7E8D834-B4E8-4F5C-BA89-908BBEDB0654}"
EndProject
Project("{9A19103F-16F7-4668-BE54-9A1E7A4F7556}") = "CCSA_Web.Db", "CCSA_Web.Db\CCSA_Web.Db.csproj", "{C456D314-4985-4020-8D48-206213C6A871}"
EndProject
Project("{9A19103F-16F7-4668-BE54-9A1E7A4F7556}") = "CCSA_Web.Domain", "CCSA_Web.Domain\CCSA_Web.Domain.csproj", "{3569914B-8FC5-4A60-973C-95619A63019F}"
EndProject
Project("{9A19103F-16F7-4668-BE54-9A1E7A4F7556}") = "CCSA_Web.Infrastructure", "CCSA_Web.Infrastructure\CCSA_Web.Infrastructure.csproj", "{93E6F310-53E3-4923-84D3-8AF5A07323CD}"
EndProject
Global
	GlobalSection(SolutionConfigurationPlatforms) = preSolution
		Debug|Any CPU = Debug|Any CPU
		Release|Any CPU = Release|Any CPU
	EndGlobalSection
	GlobalSection(ProjectConfigurationPlatforms) = postSolution
		{A7E8D834-B4E8-4F5C-BA89-908BBEDB0654}.Debug|Any CPU.ActiveCfg = Debug|Any CPU
		{A7E8D834-B4E8-4F5C-BA89-908BBEDB0654}.Debug|Any CPU.Build.0 = Debug|Any CPU
		{A7E8D834-B4E8-4F5C-BA89-908BBEDB0654}.Release|Any CPU.ActiveCfg = Release|Any CPU
		{A7E8D834-B4E8-4F5C-BA89-908BBEDB0654}.Release|Any CPU.Build.0 = Release|Any CPU
		{C456D314-4985-4020-8D48-206213C6A871}.Debug|Any CPU.ActiveCfg = Debug|Any CPU
		{C456D314-4985-4020-8D48-206213C6A871}.Debug|Any CPU.Build.0 = Debug|Any CPU
		{C456D314-4985-4020-8D48-206213C6A871}.Release|Any CPU.ActiveCfg = Release|Any CPU
		{C456D314-4985-4020-8D48-206213C6A871}.Release|Any CPU.Build.0 = Release|Any CPU
		{3569914B-8FC5-4A60-973C-95619A63019F}.Debug|Any CPU.ActiveCfg = Debug|Any CPU
		{3569914B-8FC5-4A60-973C-95619A63019F}.Debug|Any CPU.Build.0 = Debug|Any CPU
		{3569914B-8FC5-4A60-973C-95619A63019F}.Release|Any CPU.ActiveCfg = Release|Any CPU
		{3569914B-8FC5-4A60-973C-95619A63019F}.Release|Any CPU.Build.0 = Release|Any CPU
		{93E6F310-53E3-4923-84D3-8AF5A07323CD}.Debug|Any CPU.ActiveCfg = Debug|Any CPU
		{93E6F310-53E3-4923-84D3-8AF5A07323CD}.Debug|Any CPU.Build.0 = Debug|Any CPU
		{93E6F310-53E3-4923-84D3-8AF5A07323CD}.Release|Any CPU.ActiveCfg = Release|Any CPU
		{93E6F310-53E3-4923-84D3-8AF5A07323CD}.Release|Any CPU.Build.0 = Release|Any CPU
	EndGlobalSection
	GlobalSection(SolutionProperties) = preSolution
		HideSolutionNode = FALSE
	EndGlobalSection
	GlobalSection(ExtensibilityGlobals) = postSolution
		SolutionGuid = {49223D14-6E6F-45E2-A48F-23D68736F33B}
	EndGlobalSection
EndGlobal
